// !$*UTF8*$!
{
	archiveVersion = 1;
	classes = {
	};
	objectVersion = 50;
	objects = {

/* Begin PBXBuildFile section */
		F116DD71233D919E007C7BE5 /* AppDelegate.swift in Sources */ = {isa = PBXBuildFile; fileRef = F116DD70233D919E007C7BE5 /* AppDelegate.swift */; };
		F116DD73233D919E007C7BE5 /* ViewController.swift in Sources */ = {isa = PBXBuildFile; fileRef = F116DD72233D919E007C7BE5 /* ViewController.swift */; };
		F116DD76233D919E007C7BE5 /* Main.storyboard in Resources */ = {isa = PBXBuildFile; fileRef = F116DD74233D919E007C7BE5 /* Main.storyboard */; };
		F116DD78233D919F007C7BE5 /* Assets.xcassets in Resources */ = {isa = PBXBuildFile; fileRef = F116DD77233D919F007C7BE5 /* Assets.xcassets */; };
		F116DD7B233D919F007C7BE5 /* Launch.storyboard in Resources */ = {isa = PBXBuildFile; fileRef = F116DD79233D919F007C7BE5 /* Launch.storyboard */; };
		F116DD83233DA371007C7BE5 /* CreditController.swift in Sources */ = {isa = PBXBuildFile; fileRef = F116DD82233DA371007C7BE5 /* CreditController.swift */; };
/* End PBXBuildFile section */

/* Begin PBXFileReference section */
		F116DD6D233D919E007C7BE5 /* Bull.app */ = {isa = PBXFileReference; explicitFileType = wrapper.application; includeInIndex = 0; path = Bull.app; sourceTree = BUILT_PRODUCTS_DIR; };
		F116DD70233D919E007C7BE5 /* AppDelegate.swift */ = {isa = PBXFileReference; lastKnownFileType = sourcecode.swift; path = AppDelegate.swift; sourceTree = "<group>"; };
		F116DD72233D919E007C7BE5 /* ViewController.swift */ = {isa = PBXFileReference; lastKnownFileType = sourcecode.swift; path = ViewController.swift; sourceTree = "<group>"; };
		F116DD75233D919E007C7BE5 /* Base */ = {isa = PBXFileReference; lastKnownFileType = file.storyboard; name = Base; path = Base.lproj/Main.storyboard; sourceTree = "<group>"; };
		F116DD77233D919F007C7BE5 /* Assets.xcassets */ = {isa = PBXFileReference; lastKnownFileType = folder.assetcatalog; path = Assets.xcassets; sourceTree = "<group>"; };
		F116DD7A233D919F007C7BE5 /* Base */ = {isa = PBXFileReference; lastKnownFileType = file.storyboard; name = Base; path = Base.lproj/Launch.storyboard; sourceTree = "<group>"; };
		F116DD7C233D919F007C7BE5 /* Info.plist */ = {isa = PBXFileReference; lastKnownFileType = text.plist.xml; path = Info.plist; sourceTree = "<group>"; };
		F116DD82233DA371007C7BE5 /* CreditController.swift */ = {isa = PBXFileReference; lastKnownFileType = sourcecode.swift; path = CreditController.swift; sourceTree = "<group>"; };
/* End PBXFileReference section */

/* Begin PBXFrameworksBuildPhase section */
		F116DD6A233D919D007C7BE5 /* Frameworks */ = {
			isa = PBXFrameworksBuildPhase;
			buildActionMask = 2147483647;
			files = (
			);
			runOnlyForDeploymentPostprocessing = 0;
		};
/* End PBXFrameworksBuildPhase section */

/* Begin PBXGroup section */
		F116DD64233D919D007C7BE5 = {
			isa = PBXGroup;
			children = (
				F116DD6F233D919E007C7BE5 /* Bull */,
				F116DD6E233D919E007C7BE5 /* Products */,
			);
			sourceTree = "<group>";
		};
		F116DD6E233D919E007C7BE5 /* Products */ = {
			isa = PBXGroup;
			children = (
				F116DD6D233D919E007C7BE5 /* Bull.app */,
			);
			name = Products;
			sourceTree = "<group>";
		};
		F116DD6F233D919E007C7BE5 /* Bull */ = {
			isa = PBXGroup;
			children = (
				F116DD70233D919E007C7BE5 /* AppDelegate.swift */,
				F116DD72233D919E007C7BE5 /* ViewController.swift */,
				F116DD82233DA371007C7BE5 /* CreditController.swift */,
				F116DD74233D919E007C7BE5 /* Main.storyboard */,
				F116DD79233D919F007C7BE5 /* Launch.storyboard */,
				F116DD77233D919F007C7BE5 /* Assets.xcassets */,
				F116DD7C233D919F007C7BE5 /* Info.plist */,
			);
			path = Bull;
			sourceTree = "<group>";
		};
/* End PBXGroup section */

/* Begin PBXNativeTarget section */
		F116DD6C233D919D007C7BE5 /* Bull */ = {
			isa = PBXNativeTarget;
			buildConfigurationList = F116DD7F233D919F007C7BE5 /* Build configuration list for PBXNativeTarget "Bull" */;
			buildPhases = (
				F116DD69233D919D007C7BE5 /* Sources */,
				F116DD6A233D919D007C7BE5 /* Frameworks */,
				F116DD6B233D919D007C7BE5 /* Resources */,
			);
			buildRules = (
			);
			dependencies = (
			);
			name = Bull;
			productName = Bull;
			productReference = F116DD6D233D919E007C7BE5 /* Bull.app */;
			productType = "com.apple.product-type.application";
		};
/* End PBXNativeTarget section */

/* Begin PBXProject section */
		F116DD65233D919D007C7BE5 /* Project object */ = {
			isa = PBXProject;
			attributes = {
				LastSwiftUpdateCheck = 1020;
				LastUpgradeCheck = 1020;
				ORGANIZATIONNAME = haanh;
				TargetAttributes = {
					F116DD6C233D919D007C7BE5 = {
						CreatedOnToolsVersion = 10.2.1;
					};
				};
			};
			buildConfigurationList = F116DD68233D919D007C7BE5 /* Build configuration list for PBXProject "Bull" */;
			compatibilityVersion = "Xcode 9.3";
			developmentRegion = en;
			hasScannedForEncodings = 0;
			knownRegions = (
				en,
				Base,
			);
			mainGroup = F116DD64233D919D007C7BE5;
			productRefGroup = F116DD6E233D919E007C7BE5 /* Products */;
			projectDirPath = "";
			projectRoot = "";
			targets = (
				F116DD6C233D919D007C7BE5 /* Bull */,
			);
		};
/* End PBXProject section */

/* Begin PBXResourcesBuildPhase section */
		F116DD6B233D919D007C7BE5 /* Resources */ = {
			isa = PBXResourcesBuildPhase;
			buildActionMask = 2147483647;
			files = (
				F116DD7B233D919F007C7BE5 /* Launch.storyboard in Resources */,
				F116DD78233D919F007C7BE5 /* Assets.xcassets in Resources */,
				F116DD76233D919E007C7BE5 /* Main.storyboard in Resources */,
			);
			runOnlyForDeploymentPostprocessing = 0;
		};
/* End PBXResourcesBuildPhase section */

/* Begin PBXSourcesBuildPhase section */
		F116DD69233D919D007C7BE5 /* Sources */ = {
			isa = PBXSourcesBuildPhase;
			buildActionMask = 2147483647;
			files = (
				F116DD73233D919E007C7BE5 /* ViewController.swift in Sources */,
				F116DD71233D919E007C7BE5 /* AppDelegate.swift in Sources */,
				F116DD83233DA371007C7BE5 /* CreditController.swift in Sources */,
			);
			runOnlyForDeploymentPostprocessing = 0;
		};
/* End PBXSourcesBuildPhase section */

/* Begin PBXVariantGroup section */
		F116DD74233D919E007C7BE5 /* Main.storyboard */ = {
			isa = PBXVariantGroup;
			children = (
				F116DD75233D919E007C7BE5 /* Base */,
			);
			name = Main.storyboard;
			sourceTree = "<group>";
		};
		F116DD79233D919F007C7BE5 /* Launch.storyboard */ = {
			isa = PBXVariantGroup;
			children = (
				F116DD7A233D919F007C7BE5 /* Base */,
			);
			name = Launch.storyboard;
			sourceTree = "<group>";
		};
/* End PBXVariantGroup section */

/* Begin XCBuildConfiguration section */
		F116DD7D233D919F007C7BE5 /* Debug */ = {
			isa = XCBuildConfiguration;
			buildSettings = {
				ALWAYS_SEARCH_USER_PATHS = NO;
				CLANG_ANALYZER_NONNULL = YES;
				CLANG_ANALYZER_NUMBER_OBJECT_CONVERSION = YES_AGGRESSIVE;
				CLANG_CXX_LANGUAGE_STANDARD = "gnu++14";
				CLANG_CXX_LIBRARY = "libc++";
				CLANG_ENABLE_MODULES = YES;
				CLANG_ENABLE_OBJC_ARC = YES;
				CLANG_ENABLE_OBJC_WEAK = YES;
				CLANG_WARN_BLOCK_CAPTURE_AUTORELEASING = YES;
				CLANG_WARN_BOOL_CONVERSION = YES;
				CLANG_WARN_COMMA = YES;
				CLANG_WARN_CONSTANT_CONVERSION = YES;
				CLANG_WARN_DEPRECATED_OBJC_IMPLEMENTATIONS = YES;
				CLANG_WARN_DIRECT_OBJC_ISA_USAGE = YES_ERROR;
				CLANG_WARN_DOCUMENTATION_COMMENTS = YES;
				CLANG_WARN_EMPTY_BODY = YES;
				CLANG_WARN_ENUM_CONVERSION = YES;
				CLANG_WARN_INFINITE_RECURSION = YES;
				CLANG_WARN_INT_CONVERSION = YES;
				CLANG_WARN_NON_LITERAL_NULL_CONVERSION = YES;
				CLANG_WARN_OBJC_IMPLICIT_RETAIN_SELF = YES;
				CLANG_WARN_OBJC_LITERAL_CONVERSION = YES;
				CLANG_WARN_OBJC_ROOT_CLASS = YES_ERROR;
				CLANG_WARN_RANGE_LOOP_ANALYSIS = YES;
				CLANG_WARN_STRICT_PROTOTYPES = YES;
				CLANG_WARN_SUSPICIOUS_MOVE = YES;
				CLANG_WARN_UNGUARDED_AVAILABILITY = YES_AGGRESSIVE;
				CLANG_WARN_UNREACHABLE_CODE = YES;
				CLANG_WARN__DUPLICATE_METHOD_MATCH = YES;
				CODE_SIGN_IDENTITY = "iPhone Developer";
				COPY_PHASE_STRIP = NO;
				DEBUG_INFORMATION_FORMAT = dwarf;
				ENABLE_STRICT_OBJC_MSGSEND = YES;
				ENABLE_TESTABILITY = YES;
				GCC_C_LANGUAGE_STANDARD = gnu11;
				GCC_DYNAMIC_NO_PIC = NO;
				GCC_NO_COMMON_BLOCKS = YES;
				GCC_OPTIMIZATION_LEVEL = 0;
				GCC_PREPROCESSOR_DEFINITIONS = (
					"DEBUG=1",
					"$(inherited)",
				);
				GCC_WARN_64_TO_32_BIT_CONVERSION = YES;
				GCC_WARN_ABOUT_RETURN_TYPE = YES_ERROR;
				GCC_WARN_UNDECLARED_SELECTOR = YES;
				GCC_WARN_UNINITIALIZED_AUTOS = YES_AGGRESSIVE;
				GCC_WARN_UNUSED_FUNCTION = YES;
				GCC_WARN_UNUSED_VARIABLE = YES;
				IPHONEOS_DEPLOYMENT_TARGET = 13.1;
				MTL_ENABLE_DEBUG_INFO = INCLUDE_SOURCE;
				MTL_FAST_MATH = YES;
				ONLY_ACTIVE_ARCH = YES;
				SDKROOT = iphoneos;
				SWIFT_ACTIVE_COMPILATION_CONDITIONS = DEBUG;
				SWIFT_OPTIMIZATION_LEVEL = "-Onone";
			};
			name = Debug;
		};
		F116DD7E233D919F007C7BE5 /* Release */ = {
			isa = XCBuildConfiguration;
			buildSettings = {
				ALWAYS_SEARCH_USER_PATHS = NO;
				CLANG_ANALYZER_NONNULL = YES;
				CLANG_ANALYZER_NUMBER_OBJECT_CONVERSION = YES_AGGRESSIVE;
				CLANG_CXX_LANGUAGE_STANDARD = "gnu++14";
				CLANG_CXX_LIBRARY = "libc++";
				CLANG_ENABLE_MODULES = YES;
				CLANG_ENABLE_OBJC_ARC = YES;
				CLANG_ENABLE_OBJC_WEAK = YES;
				CLANG_WARN_BLOCK_CAPTURE_AUTORELEASING = YES;
				CLANG_WARN_BOOL_CONVERSION = YES;
				CLANG_WARN_COMMA = YES;
				CLANG_WARN_CONSTANT_CONVERSION = YES;
				CLANG_WARN_DEPRECATED_OBJC_IMPLEMENTATIONS = YES;
				CLANG_WARN_DIRECT_OBJC_ISA_USAGE = YES_ERROR;
				CLANG_WARN_DOCUMENTATION_COMMENTS = YES;
				CLANG_WARN_EMPTY_BODY = YES;
				CLANG_WARN_ENUM_CONVERSION = YES;
				CLANG_WARN_INFINITE_RECURSION = YES;
				CLANG_WARN_INT_CONVERSION = YES;
				CLANG_WARN_NON_LITERAL_NULL_CONVERSION = YES;
				CLANG_WARN_OBJC_IMPLICIT_RETAIN_SELF = YES;
				CLANG_WARN_OBJC_LITERAL_CONVERSION = YES;
				CLANG_WARN_OBJC_ROOT_CLASS = YES_ERROR;
				CLANG_WARN_RANGE_LOOP_ANALYSIS = YES;
				CLANG_WARN_STRICT_PROTOTYPES = YES;
				CLANG_WARN_SUSPICIOUS_MOVE = YES;
				CLANG_WARN_UNGUARDED_AVAILABILITY = YES_AGGRESSIVE;
				CLANG_WARN_UNREACHABLE_CODE = YES;
				CLANG_WARN__DUPLICATE_METHOD_MATCH = YES;
				CODE_SIGN_IDENTITY = "iPhone Developer";
				COPY_PHASE_STRIP = NO;
				DEBUG_INFORMATION_FORMAT = "dwarf-with-dsym";
				ENABLE_NS_ASSERTIONS = NO;
				ENABLE_STRICT_OBJC_MSGSEND = YES;
				GCC_C_LANGUAGE_STANDARD = gnu11;
				GCC_NO_COMMON_BLOCKS = YES;
				GCC_WARN_64_TO_32_BIT_CONVERSION = YES;
				GCC_WARN_ABOUT_RETURN_TYPE = YES_ERROR;
				GCC_WARN_UNDECLARED_SELECTOR = YES;
				GCC_WARN_UNINITIALIZED_AUTOS = YES_AGGRESSIVE;
				GCC_WARN_UNUSED_FUNCTION = YES;
				GCC_WARN_UNUSED_VARIABLE = YES;
				IPHONEOS_DEPLOYMENT_TARGET = 13.1;
				MTL_ENABLE_DEBUG_INFO = NO;
				MTL_FAST_MATH = YES;
				SDKROOT = iphoneos;
				SWIFT_COMPILATION_MODE = wholemodule;
				SWIFT_OPTIMIZATION_LEVEL = "-O";
				VALIDATE_PRODUCT = YES;
			};
			name = Release;
		};
		F116DD80233D919F007C7BE5 /* Debug */ = {
			isa = XCBuildConfiguration;
			buildSettings = {
				ASSETCATALOG_COMPILER_APPICON_NAME = AppIcon;
				CODE_SIGN_STYLE = Automatic;
				DEVELOPMENT_TEAM = 9Y6RS2D6XP;
				INFOPLIST_FILE = Bull/Info.plist;
				IPHONEOS_DEPLOYMENT_TARGET = 12.4;
				LD_RUNPATH_SEARCH_PATHS = (
					"$(inherited)",
					"@executable_path/Frameworks",
				);
				PRODUCT_BUNDLE_IDENTIFIER = com.haanhgs.Bull;
				PRODUCT_NAME = "$(TARGET_NAME)";
				SWIFT_VERSION = 5.0;
				TARGETED_DEVICE_FAMILY = 1;
			};
			name = Debug;
		};
		F116DD81233D919F007C7BE5 /* Release */ = {
			isa = XCBuildConfiguration;
			buildSettings = {
				ASSETCATALOG_COMPILER_APPICON_NAME = AppIcon;
				CODE_SIGN_STYLE = Automatic;
				DEVELOPMENT_TEAM = 9Y6RS2D6XP;
				INFOPLIST_FILE = Bull/Info.plist;
				IPHONEOS_DEPLOYMENT_TARGET = 12.4;
				LD_RUNPATH_SEARCH_PATHS = (
					"$(inherited)",
					"@executable_path/Frameworks",
				);
				PRODUCT_BUNDLE_IDENTIFIER = com.haanhgs.Bull;
				PRODUCT_NAME = "$(TARGET_NAME)";
				SWIFT_VERSION = 5.0;
				TARGETED_DEVICE_FAMILY = 1;
			};
			name = Release;
		};
/* End XCBuildConfiguration section */

/* Begin XCConfigurationList section */
		F116DD68233D919D007C7BE5 /* Build configuration list for PBXProject "Bull" */ = {
			isa = XCConfigurationList;
			buildConfigurations = (
				F116DD7D233D919F007C7BE5 /* Debug */,
				F116DD7E233D919F007C7BE5 /* Release */,
			);
			defaultConfigurationIsVisible = 0;
			defaultConfigurationName = Release;
		};
		F116DD7F233D919F007C7BE5 /* Build configuration list for PBXNativeTarget "Bull" */ = {
			isa = XCConfigurationList;
			buildConfigurations = (
				F116DD80233D919F007C7BE5 /* Debug */,
				F116DD81233D919F007C7BE5 /* Release */,
			);
			defaultConfigurationIsVisible = 0;
			defaultConfigurationName = Release;
		};
/* End XCConfigurationList section */
	};
	rootObject = F116DD65233D919D007C7BE5 /* Project object */;
}
